
Microsoft Visual Studio Solution File, Format Version 12.00
# Visual Studio Version 16
VisualStudioVersion = 16.0.30709.132
MinimumVisualStudioVersion = 10.0.40219.1
Project("{FAE04EC0-301F-11D3-BF4B-00C04F79EFBC}") = "apl-api-funcionarios", "apl-api-funcionarios\apl-api-funcionarios.csproj", "{A1BD7E68-33A3-4973-8396-9C3801A0E8A0}"
EndProject
Global
	GlobalSection(SolutionConfigurationPlatforms) = preSolution
		Debug|Any CPU = Debug|Any CPU
		Release|Any CPU = Release|Any CPU
	EndGlobalSection
	GlobalSection(ProjectConfigurationPlatforms) = postSolution
		{A1BD7E68-33A3-4973-8396-9C3801A0E8A0}.Debug|Any CPU.ActiveCfg = Debug|Any CPU
		{A1BD7E68-33A3-4973-8396-9C3801A0E8A0}.Debug|Any CPU.Build.0 = Debug|Any CPU
		{A1BD7E68-33A3-4973-8396-9C3801A0E8A0}.Release|Any CPU.ActiveCfg = Release|Any CPU
		{A1BD7E68-33A3-4973-8396-9C3801A0E8A0}.Release|Any CPU.Build.0 = Release|Any CPU
	EndGlobalSection
	GlobalSection(SolutionProperties) = preSolution
		HideSolutionNode = FALSE
	EndGlobalSection
	GlobalSection(ExtensibilityGlobals) = postSolution
		SolutionGuid = {0EE960E9-75F4-4805-BA91-5750547CB75A}
	EndGlobalSection
EndGlobal
